// !$*UTF8*$!
{
	archiveVersion = 1;
	classes = {
	};
	objectVersion = 55;
	objects = {

/* Begin PBXBuildFile section */
		3B25965C28AE93D300E8CFE5 /* Launch Screen.storyboard in Resources */ = {isa = PBXBuildFile; fileRef = 3B25965B28AE93D300E8CFE5 /* Launch Screen.storyboard */; };
		3B25BAF428A56DD2005DA52F /* TestView.swift in Sources */ = {isa = PBXBuildFile; fileRef = 3B25BAF328A56DD2005DA52F /* TestView.swift */; };
		3B25BAF828A56E24005DA52F /* AppFactory.swift in Sources */ = {isa = PBXBuildFile; fileRef = 3B25BAF728A56E24005DA52F /* AppFactory.swift */; };
		3B25BAFB28A5700C005DA52F /* LoginView.swift in Sources */ = {isa = PBXBuildFile; fileRef = 3B25BAFA28A5700C005DA52F /* LoginView.swift */; };
		3B50D69828AEC4A0004A9EA6 /* HomeCoordinator.swift in Sources */ = {isa = PBXBuildFile; fileRef = 3B50D69728AEC4A0004A9EA6 /* HomeCoordinator.swift */; };
		3B50D69C28AEC873004A9EA6 /* HiddenNavigationBar.swift in Sources */ = {isa = PBXBuildFile; fileRef = 3B50D69B28AEC873004A9EA6 /* HiddenNavigationBar.swift */; };
		3B50D69E28AECBBB004A9EA6 /* AppRootViewModel.swift in Sources */ = {isa = PBXBuildFile; fileRef = 3B50D69D28AECBBB004A9EA6 /* AppRootViewModel.swift */; };
		3B50D6A128AFF5F8004A9EA6 /* SessionManager.swift in Sources */ = {isa = PBXBuildFile; fileRef = 3B50D6A028AFF5F8004A9EA6 /* SessionManager.swift */; };
		3B50D6A328B00C07004A9EA6 /* HomeViewModel.swift in Sources */ = {isa = PBXBuildFile; fileRef = 3B50D6A228B00C07004A9EA6 /* HomeViewModel.swift */; };
		3B50D74028B545DF004A9EA6 /* ViewValues.swift in Sources */ = {isa = PBXBuildFile; fileRef = 3B50D73F28B545DE004A9EA6 /* ViewValues.swift */; };
		3B50D74228B54625004A9EA6 /* LoadingModalView.swift in Sources */ = {isa = PBXBuildFile; fileRef = 3B50D74128B54625004A9EA6 /* LoadingModalView.swift */; };
		3B50D74528B54704004A9EA6 /* AppLocalizable.swift in Sources */ = {isa = PBXBuildFile; fileRef = 3B50D74428B54704004A9EA6 /* AppLocalizable.swift */; };
		3B50D74828B548A4004A9EA6 /* String+Localized.swift in Sources */ = {isa = PBXBuildFile; fileRef = 3B50D74728B548A4004A9EA6 /* String+Localized.swift */; };
		3BA319B528A45809009F1C58 /* MovieUIApp.swift in Sources */ = {isa = PBXBuildFile; fileRef = 3BA319B428A45809009F1C58 /* MovieUIApp.swift */; };
		3BA319B728A45809009F1C58 /* ContentView.swift in Sources */ = {isa = PBXBuildFile; fileRef = 3BA319B628A45809009F1C58 /* ContentView.swift */; };
		3BA319B928A4580E009F1C58 /* Assets.xcassets in Resources */ = {isa = PBXBuildFile; fileRef = 3BA319B828A4580E009F1C58 /* Assets.xcassets */; };
		3BA319BC28A4580E009F1C58 /* Preview Assets.xcassets in Resources */ = {isa = PBXBuildFile; fileRef = 3BA319BB28A4580E009F1C58 /* Preview Assets.xcassets */; };
		3BA319BE28A4580E009F1C58 /* Persistence.swift in Sources */ = {isa = PBXBuildFile; fileRef = 3BA319BD28A4580E009F1C58 /* Persistence.swift */; };
		3BA319C128A4580E009F1C58 /* MovieUI.xcdatamodeld in Sources */ = {isa = PBXBuildFile; fileRef = 3BA319BF28A4580E009F1C58 /* MovieUI.xcdatamodeld */; };
		3BA319CB28A4580F009F1C58 /* MovieUITests.swift in Sources */ = {isa = PBXBuildFile; fileRef = 3BA319CA28A4580F009F1C58 /* MovieUITests.swift */; };
		3BAEEA1A28AD9B2400B18525 /* HomeView.swift in Sources */ = {isa = PBXBuildFile; fileRef = 3BAEEA1928AD9B2400B18525 /* HomeView.swift */; };
		3BAEEA1C28AD9C6400B18525 /* AppCoordinator.swift in Sources */ = {isa = PBXBuildFile; fileRef = 3BAEEA1B28AD9C6400B18525 /* AppCoordinator.swift */; };
		3BAEEA1F28AE8D7700B18525 /* AppRootView.swift in Sources */ = {isa = PBXBuildFile; fileRef = 3BAEEA1E28AE8D7700B18525 /* AppRootView.swift */; };
		3BCE62F128A6A11F0062E6F0 /* LoginViewModel.swift in Sources */ = {isa = PBXBuildFile; fileRef = 3BCE62F028A6A11F0062E6F0 /* LoginViewModel.swift */; };
		3BCE62F428A6A90B0062E6F0 /* LoginUseCase.swift in Sources */ = {isa = PBXBuildFile; fileRef = 3BCE62F328A6A90B0062E6F0 /* LoginUseCase.swift */; };
		3BCE62F628A6ACD80062E6F0 /* EmailValidationUseCase.swift in Sources */ = {isa = PBXBuildFile; fileRef = 3BCE62F528A6ACD80062E6F0 /* EmailValidationUseCase.swift */; };
/* End PBXBuildFile section */

/* Begin PBXContainerItemProxy section */
		3BA319C728A4580F009F1C58 /* PBXContainerItemProxy */ = {
			isa = PBXContainerItemProxy;
			containerPortal = 3BA319A928A45808009F1C58 /* Project object */;
			proxyType = 1;
			remoteGlobalIDString = 3BA319B028A45809009F1C58;
			remoteInfo = MovieUI;
		};
/* End PBXContainerItemProxy section */

/* Begin PBXFileReference section */
		3B25965B28AE93D300E8CFE5 /* Launch Screen.storyboard */ = {isa = PBXFileReference; lastKnownFileType = file.storyboard; path = "Launch Screen.storyboard"; sourceTree = "<group>"; };
		3B25BAF328A56DD2005DA52F /* TestView.swift */ = {isa = PBXFileReference; lastKnownFileType = sourcecode.swift; path = TestView.swift; sourceTree = "<group>"; };
		3B25BAF728A56E24005DA52F /* AppFactory.swift */ = {isa = PBXFileReference; lastKnownFileType = sourcecode.swift; path = AppFactory.swift; sourceTree = "<group>"; };
		3B25BAFA28A5700C005DA52F /* LoginView.swift */ = {isa = PBXFileReference; lastKnownFileType = sourcecode.swift; path = LoginView.swift; sourceTree = "<group>"; };
		3B50D69728AEC4A0004A9EA6 /* HomeCoordinator.swift */ = {isa = PBXFileReference; lastKnownFileType = sourcecode.swift; path = HomeCoordinator.swift; sourceTree = "<group>"; };
		3B50D69B28AEC873004A9EA6 /* HiddenNavigationBar.swift */ = {isa = PBXFileReference; lastKnownFileType = sourcecode.swift; path = HiddenNavigationBar.swift; sourceTree = "<group>"; };
		3B50D69D28AECBBB004A9EA6 /* AppRootViewModel.swift */ = {isa = PBXFileReference; lastKnownFileType = sourcecode.swift; path = AppRootViewModel.swift; sourceTree = "<group>"; };
		3B50D6A028AFF5F8004A9EA6 /* SessionManager.swift */ = {isa = PBXFileReference; lastKnownFileType = sourcecode.swift; path = SessionManager.swift; sourceTree = "<group>"; };
		3B50D6A228B00C07004A9EA6 /* HomeViewModel.swift */ = {isa = PBXFileReference; lastKnownFileType = sourcecode.swift; path = HomeViewModel.swift; sourceTree = "<group>"; };
		3B50D73F28B545DE004A9EA6 /* ViewValues.swift */ = {isa = PBXFileReference; lastKnownFileType = sourcecode.swift; path = ViewValues.swift; sourceTree = "<group>"; };
		3B50D74128B54625004A9EA6 /* LoadingModalView.swift */ = {isa = PBXFileReference; lastKnownFileType = sourcecode.swift; path = LoadingModalView.swift; sourceTree = "<group>"; };
		3B50D74428B54704004A9EA6 /* AppLocalizable.swift */ = {isa = PBXFileReference; lastKnownFileType = sourcecode.swift; path = AppLocalizable.swift; sourceTree = "<group>"; };
		3B50D74728B548A4004A9EA6 /* String+Localized.swift */ = {isa = PBXFileReference; lastKnownFileType = sourcecode.swift; path = "String+Localized.swift"; sourceTree = "<group>"; };
		3BA319B128A45809009F1C58 /* MovieUI.app */ = {isa = PBXFileReference; explicitFileType = wrapper.application; includeInIndex = 0; path = MovieUI.app; sourceTree = BUILT_PRODUCTS_DIR; };
		3BA319B428A45809009F1C58 /* MovieUIApp.swift */ = {isa = PBXFileReference; lastKnownFileType = sourcecode.swift; path = MovieUIApp.swift; sourceTree = "<group>"; };
		3BA319B628A45809009F1C58 /* ContentView.swift */ = {isa = PBXFileReference; lastKnownFileType = sourcecode.swift; path = ContentView.swift; sourceTree = "<group>"; };
		3BA319B828A4580E009F1C58 /* Assets.xcassets */ = {isa = PBXFileReference; lastKnownFileType = folder.assetcatalog; path = Assets.xcassets; sourceTree = "<group>"; };
		3BA319BB28A4580E009F1C58 /* Preview Assets.xcassets */ = {isa = PBXFileReference; lastKnownFileType = folder.assetcatalog; path = "Preview Assets.xcassets"; sourceTree = "<group>"; };
		3BA319BD28A4580E009F1C58 /* Persistence.swift */ = {isa = PBXFileReference; lastKnownFileType = sourcecode.swift; path = Persistence.swift; sourceTree = "<group>"; };
		3BA319C028A4580E009F1C58 /* MovieUI.xcdatamodel */ = {isa = PBXFileReference; lastKnownFileType = wrapper.xcdatamodel; path = MovieUI.xcdatamodel; sourceTree = "<group>"; };
		3BA319C628A4580F009F1C58 /* MovieUITests.xctest */ = {isa = PBXFileReference; explicitFileType = wrapper.cfbundle; includeInIndex = 0; path = MovieUITests.xctest; sourceTree = BUILT_PRODUCTS_DIR; };
		3BA319CA28A4580F009F1C58 /* MovieUITests.swift */ = {isa = PBXFileReference; lastKnownFileType = sourcecode.swift; path = MovieUITests.swift; sourceTree = "<group>"; };
		3BAEEA1928AD9B2400B18525 /* HomeView.swift */ = {isa = PBXFileReference; lastKnownFileType = sourcecode.swift; path = HomeView.swift; sourceTree = "<group>"; };
		3BAEEA1B28AD9C6400B18525 /* AppCoordinator.swift */ = {isa = PBXFileReference; lastKnownFileType = sourcecode.swift; path = AppCoordinator.swift; sourceTree = "<group>"; };
		3BAEEA1E28AE8D7700B18525 /* AppRootView.swift */ = {isa = PBXFileReference; lastKnownFileType = sourcecode.swift; path = AppRootView.swift; sourceTree = "<group>"; };
		3BAEEA2028AE8F3700B18525 /* Info.plist */ = {isa = PBXFileReference; lastKnownFileType = text.plist; path = Info.plist; sourceTree = "<group>"; };
		3BCE62F028A6A11F0062E6F0 /* LoginViewModel.swift */ = {isa = PBXFileReference; lastKnownFileType = sourcecode.swift; path = LoginViewModel.swift; sourceTree = "<group>"; };
		3BCE62F328A6A90B0062E6F0 /* LoginUseCase.swift */ = {isa = PBXFileReference; lastKnownFileType = sourcecode.swift; path = LoginUseCase.swift; sourceTree = "<group>"; };
		3BCE62F528A6ACD80062E6F0 /* EmailValidationUseCase.swift */ = {isa = PBXFileReference; lastKnownFileType = sourcecode.swift; path = EmailValidationUseCase.swift; sourceTree = "<group>"; };
/* End PBXFileReference section */

/* Begin PBXFrameworksBuildPhase section */
		3BA319AE28A45809009F1C58 /* Frameworks */ = {
			isa = PBXFrameworksBuildPhase;
			buildActionMask = 2147483647;
			files = (
			);
			runOnlyForDeploymentPostprocessing = 0;
		};
		3BA319C328A4580F009F1C58 /* Frameworks */ = {
			isa = PBXFrameworksBuildPhase;
			buildActionMask = 2147483647;
			files = (
			);
			runOnlyForDeploymentPostprocessing = 0;
		};
/* End PBXFrameworksBuildPhase section */

/* Begin PBXGroup section */
		3B25965E28AEB3E100E8CFE5 /* AppRootView */ = {
			isa = PBXGroup;
			children = (
				3BAEEA1E28AE8D7700B18525 /* AppRootView.swift */,
				3B50D69D28AECBBB004A9EA6 /* AppRootViewModel.swift */,
			);
			path = AppRootView;
			sourceTree = "<group>";
		};
		3B25BAF228A546ED005DA52F /* Test */ = {
			isa = PBXGroup;
			children = (
				3B25BAF328A56DD2005DA52F /* TestView.swift */,
			);
			path = Test;
			sourceTree = "<group>";
		};
		3B25BAF528A56DFB005DA52F /* Login */ = {
			isa = PBXGroup;
			children = (
				3BCE62F228A6A8F50062E6F0 /* UseCase */,
				3BCE62EF28A6A1090062E6F0 /* ViewModel */,
				3B25BAF928A56FFE005DA52F /* View */,
			);
			path = Login;
			sourceTree = "<group>";
		};
		3B25BAF628A56E0B005DA52F /* CompositionRoot */ = {
			isa = PBXGroup;
			children = (
				3B50D69628AEC490004A9EA6 /* Home */,
				3B25BAF728A56E24005DA52F /* AppFactory.swift */,
				3BAEEA1B28AD9C6400B18525 /* AppCoordinator.swift */,
			);
			path = CompositionRoot;
			sourceTree = "<group>";
		};
		3B25BAF928A56FFE005DA52F /* View */ = {
			isa = PBXGroup;
			children = (
				3B25BAFA28A5700C005DA52F /* LoginView.swift */,
				3B50D74128B54625004A9EA6 /* LoadingModalView.swift */,
			);
			path = View;
			sourceTree = "<group>";
		};
		3B50D69628AEC490004A9EA6 /* Home */ = {
			isa = PBXGroup;
			children = (
				3B50D69728AEC4A0004A9EA6 /* HomeCoordinator.swift */,
			);
			path = Home;
			sourceTree = "<group>";
		};
		3B50D69928AEC855004A9EA6 /* Common */ = {
			isa = PBXGroup;
			children = (
				3B50D74628B54892004A9EA6 /* Extensions */,
				3B50D74328B546EE004A9EA6 /* Localizables */,
				3B50D73E28B5453D004A9EA6 /* Contants */,
				3B50D69A28AEC85F004A9EA6 /* Modifiers */,
			);
			path = Common;
			sourceTree = "<group>";
		};
		3B50D69A28AEC85F004A9EA6 /* Modifiers */ = {
			isa = PBXGroup;
			children = (
				3B50D69B28AEC873004A9EA6 /* HiddenNavigationBar.swift */,
			);
			path = Modifiers;
			sourceTree = "<group>";
		};
		3B50D69F28AFF5D7004A9EA6 /* Auth */ = {
			isa = PBXGroup;
			children = (
				3B50D6A028AFF5F8004A9EA6 /* SessionManager.swift */,
			);
			path = Auth;
			sourceTree = "<group>";
		};
		3B50D73E28B5453D004A9EA6 /* Contants */ = {
			isa = PBXGroup;
			children = (
				3B50D73F28B545DE004A9EA6 /* ViewValues.swift */,
			);
			path = Contants;
			sourceTree = "<group>";
		};
		3B50D74328B546EE004A9EA6 /* Localizables */ = {
			isa = PBXGroup;
			children = (
				3B50D74428B54704004A9EA6 /* AppLocalizable.swift */,
			);
			path = Localizables;
			sourceTree = "<group>";
		};
		3B50D74628B54892004A9EA6 /* Extensions */ = {
			isa = PBXGroup;
			children = (
				3B50D74728B548A4004A9EA6 /* String+Localized.swift */,
			);
			path = Extensions;
			sourceTree = "<group>";
		};
		3BA319A828A45808009F1C58 = {
			isa = PBXGroup;
			children = (
				3BA319B328A45809009F1C58 /* MovieUI */,
				3BA319C928A4580F009F1C58 /* MovieUITests */,
				3BA319B228A45809009F1C58 /* Products */,
			);
			sourceTree = "<group>";
		};
		3BA319B228A45809009F1C58 /* Products */ = {
			isa = PBXGroup;
			children = (
				3BA319B128A45809009F1C58 /* MovieUI.app */,
				3BA319C628A4580F009F1C58 /* MovieUITests.xctest */,
			);
			name = Products;
			sourceTree = "<group>";
		};
		3BA319B328A45809009F1C58 /* MovieUI */ = {
			isa = PBXGroup;
			children = (
				3BAEEA2028AE8F3700B18525 /* Info.plist */,
				3BA319BA28A4580E009F1C58 /* Preview Content */,
				3BA319E428A45909009F1C58 /* System */,
				3BA319E328A45901009F1C58 /* App */,
			);
			path = MovieUI;
			sourceTree = "<group>";
		};
		3BA319BA28A4580E009F1C58 /* Preview Content */ = {
			isa = PBXGroup;
			children = (
				3BA319BB28A4580E009F1C58 /* Preview Assets.xcassets */,
			);
			path = "Preview Content";
			sourceTree = "<group>";
		};
		3BA319C928A4580F009F1C58 /* MovieUITests */ = {
			isa = PBXGroup;
			children = (
				3BA319CA28A4580F009F1C58 /* MovieUITests.swift */,
			);
			path = MovieUITests;
			sourceTree = "<group>";
		};
		3BA319E328A45901009F1C58 /* App */ = {
			isa = PBXGroup;
			children = (
				3B50D69F28AFF5D7004A9EA6 /* Auth */,
				3B50D69928AEC855004A9EA6 /* Common */,
				3B25BAF628A56E0B005DA52F /* CompositionRoot */,
				3BA319E628A4595F009F1C58 /* Modules */,
				3BA319E528A45953009F1C58 /* Resources */,
			);
			path = App;
			sourceTree = "<group>";
		};
		3BA319E428A45909009F1C58 /* System */ = {
			isa = PBXGroup;
			children = (
				3BA319B428A45809009F1C58 /* MovieUIApp.swift */,
				3BA319BD28A4580E009F1C58 /* Persistence.swift */,
				3BA319BF28A4580E009F1C58 /* MovieUI.xcdatamodeld */,
				3BA319B628A45809009F1C58 /* ContentView.swift */,
			);
			path = System;
			sourceTree = "<group>";
		};
		3BA319E528A45953009F1C58 /* Resources */ = {
			isa = PBXGroup;
			children = (
				3BA319B828A4580E009F1C58 /* Assets.xcassets */,
			);
			path = Resources;
			sourceTree = "<group>";
		};
		3BA319E628A4595F009F1C58 /* Modules */ = {
			isa = PBXGroup;
			children = (
				3B25965E28AEB3E100E8CFE5 /* AppRootView */,
				3BAEEA1D28AE8D6100B18525 /* LauchScreen */,
				3BAEEA1828AD9B1300B18525 /* Home */,
				3B25BAF528A56DFB005DA52F /* Login */,
				3B25BAF228A546ED005DA52F /* Test */,
			);
			path = Modules;
			sourceTree = "<group>";
		};
		3BAEEA1828AD9B1300B18525 /* Home */ = {
			isa = PBXGroup;
			children = (
				3BAEEA1928AD9B2400B18525 /* HomeView.swift */,
				3B50D6A228B00C07004A9EA6 /* HomeViewModel.swift */,
			);
			path = Home;
			sourceTree = "<group>";
		};
		3BAEEA1D28AE8D6100B18525 /* LauchScreen */ = {
			isa = PBXGroup;
			children = (
				3B25965B28AE93D300E8CFE5 /* Launch Screen.storyboard */,
			);
			path = LauchScreen;
			sourceTree = "<group>";
		};
		3BCE62EF28A6A1090062E6F0 /* ViewModel */ = {
			isa = PBXGroup;
			children = (
				3BCE62F028A6A11F0062E6F0 /* LoginViewModel.swift */,
			);
			name = ViewModel;
			sourceTree = "<group>";
		};
		3BCE62F228A6A8F50062E6F0 /* UseCase */ = {
			isa = PBXGroup;
			children = (
				3BCE62F328A6A90B0062E6F0 /* LoginUseCase.swift */,
				3BCE62F528A6ACD80062E6F0 /* EmailValidationUseCase.swift */,
			);
			path = UseCase;
			sourceTree = "<group>";
		};
/* End PBXGroup section */

/* Begin PBXNativeTarget section */
		3BA319B028A45809009F1C58 /* MovieUI */ = {
			isa = PBXNativeTarget;
			buildConfigurationList = 3BA319DA28A4580F009F1C58 /* Build configuration list for PBXNativeTarget "MovieUI" */;
			buildPhases = (
				3BA319AD28A45809009F1C58 /* Sources */,
				3BA319AE28A45809009F1C58 /* Frameworks */,
				3BA319AF28A45809009F1C58 /* Resources */,
			);
			buildRules = (
			);
			dependencies = (
			);
			name = MovieUI;
			productName = MovieUI;
			productReference = 3BA319B128A45809009F1C58 /* MovieUI.app */;
			productType = "com.apple.product-type.application";
		};
		3BA319C528A4580F009F1C58 /* MovieUITests */ = {
			isa = PBXNativeTarget;
			buildConfigurationList = 3BA319DD28A4580F009F1C58 /* Build configuration list for PBXNativeTarget "MovieUITests" */;
			buildPhases = (
				3BA319C228A4580F009F1C58 /* Sources */,
				3BA319C328A4580F009F1C58 /* Frameworks */,
				3BA319C428A4580F009F1C58 /* Resources */,
			);
			buildRules = (
			);
			dependencies = (
				3BA319C828A4580F009F1C58 /* PBXTargetDependency */,
			);
			name = MovieUITests;
			productName = MovieUITests;
			productReference = 3BA319C628A4580F009F1C58 /* MovieUITests.xctest */;
			productType = "com.apple.product-type.bundle.unit-test";
		};
/* End PBXNativeTarget section */

/* Begin PBXProject section */
		3BA319A928A45808009F1C58 /* Project object */ = {
			isa = PBXProject;
			attributes = {
				BuildIndependentTargetsInParallel = 1;
				LastSwiftUpdateCheck = 1330;
				LastUpgradeCheck = 1330;
				TargetAttributes = {
					3BA319B028A45809009F1C58 = {
						CreatedOnToolsVersion = 13.3;
					};
					3BA319C528A4580F009F1C58 = {
						CreatedOnToolsVersion = 13.3;
						TestTargetID = 3BA319B028A45809009F1C58;
					};
				};
			};
			buildConfigurationList = 3BA319AC28A45808009F1C58 /* Build configuration list for PBXProject "MovieUI" */;
			compatibilityVersion = "Xcode 13.0";
			developmentRegion = en;
			hasScannedForEncodings = 0;
			knownRegions = (
				en,
				Base,
			);
			mainGroup = 3BA319A828A45808009F1C58;
			productRefGroup = 3BA319B228A45809009F1C58 /* Products */;
			projectDirPath = "";
			projectRoot = "";
			targets = (
				3BA319B028A45809009F1C58 /* MovieUI */,
				3BA319C528A4580F009F1C58 /* MovieUITests */,
			);
		};
/* End PBXProject section */

/* Begin PBXResourcesBuildPhase section */
		3BA319AF28A45809009F1C58 /* Resources */ = {
			isa = PBXResourcesBuildPhase;
			buildActionMask = 2147483647;
			files = (
				3B25965C28AE93D300E8CFE5 /* Launch Screen.storyboard in Resources */,
				3BA319BC28A4580E009F1C58 /* Preview Assets.xcassets in Resources */,
				3BA319B928A4580E009F1C58 /* Assets.xcassets in Resources */,
			);
			runOnlyForDeploymentPostprocessing = 0;
		};
		3BA319C428A4580F009F1C58 /* Resources */ = {
			isa = PBXResourcesBuildPhase;
			buildActionMask = 2147483647;
			files = (
			);
			runOnlyForDeploymentPostprocessing = 0;
		};
/* End PBXResourcesBuildPhase section */

/* Begin PBXSourcesBuildPhase section */
		3BA319AD28A45809009F1C58 /* Sources */ = {
			isa = PBXSourcesBuildPhase;
			buildActionMask = 2147483647;
			files = (
				3BAEEA1C28AD9C6400B18525 /* AppCoordinator.swift in Sources */,
				3B50D6A328B00C07004A9EA6 /* HomeViewModel.swift in Sources */,
				3BA319BE28A4580E009F1C58 /* Persistence.swift in Sources */,
				3B50D69E28AECBBB004A9EA6 /* AppRootViewModel.swift in Sources */,
				3B25BAFB28A5700C005DA52F /* LoginView.swift in Sources */,
				3B25BAF428A56DD2005DA52F /* TestView.swift in Sources */,
				3BA319B728A45809009F1C58 /* ContentView.swift in Sources */,
				3B50D69828AEC4A0004A9EA6 /* HomeCoordinator.swift in Sources */,
				3BCE62F128A6A11F0062E6F0 /* LoginViewModel.swift in Sources */,
				3BAEEA1A28AD9B2400B18525 /* HomeView.swift in Sources */,
				3B50D69C28AEC873004A9EA6 /* HiddenNavigationBar.swift in Sources */,
				3B50D74228B54625004A9EA6 /* LoadingModalView.swift in Sources */,
				3BCE62F628A6ACD80062E6F0 /* EmailValidationUseCase.swift in Sources */,
				3BA319C128A4580E009F1C58 /* MovieUI.xcdatamodeld in Sources */,
				3B50D74028B545DF004A9EA6 /* ViewValues.swift in Sources */,
				3B25BAF828A56E24005DA52F /* AppFactory.swift in Sources */,
				3BA319B528A45809009F1C58 /* MovieUIApp.swift in Sources */,
				3B50D74528B54704004A9EA6 /* AppLocalizable.swift in Sources */,
				3BCE62F428A6A90B0062E6F0 /* LoginUseCase.swift in Sources */,
				3BAEEA1F28AE8D7700B18525 /* AppRootView.swift in Sources */,
				3B50D74828B548A4004A9EA6 /* String+Localized.swift in Sources */,
				3B50D6A128AFF5F8004A9EA6 /* SessionManager.swift in Sources */,
			);
			runOnlyForDeploymentPostprocessing = 0;
		};
		3BA319C228A4580F009F1C58 /* Sources */ = {
			isa = PBXSourcesBuildPhase;
			buildActionMask = 2147483647;
			files = (
				3BA319CB28A4580F009F1C58 /* MovieUITests.swift in Sources */,
			);
			runOnlyForDeploymentPostprocessing = 0;
		};
/* End PBXSourcesBuildPhase section */

/* Begin PBXTargetDependency section */
		3BA319C828A4580F009F1C58 /* PBXTargetDependency */ = {
			isa = PBXTargetDependency;
			target = 3BA319B028A45809009F1C58 /* MovieUI */;
			targetProxy = 3BA319C728A4580F009F1C58 /* PBXContainerItemProxy */;
		};
/* End PBXTargetDependency section */

/* Begin XCBuildConfiguration section */
		3BA319D828A4580F009F1C58 /* Debug */ = {
			isa = XCBuildConfiguration;
			buildSettings = {
				ALWAYS_SEARCH_USER_PATHS = NO;
				CLANG_ANALYZER_NONNULL = YES;
				CLANG_ANALYZER_NUMBER_OBJECT_CONVERSION = YES_AGGRESSIVE;
				CLANG_CXX_LANGUAGE_STANDARD = "gnu++17";
				CLANG_ENABLE_MODULES = YES;
				CLANG_ENABLE_OBJC_ARC = YES;
				CLANG_ENABLE_OBJC_WEAK = YES;
				CLANG_WARN_BLOCK_CAPTURE_AUTORELEASING = YES;
				CLANG_WARN_BOOL_CONVERSION = YES;
				CLANG_WARN_COMMA = YES;
				CLANG_WARN_CONSTANT_CONVERSION = YES;
				CLANG_WARN_DEPRECATED_OBJC_IMPLEMENTATIONS = YES;
				CLANG_WARN_DIRECT_OBJC_ISA_USAGE = YES_ERROR;
				CLANG_WARN_DOCUMENTATION_COMMENTS = YES;
				CLANG_WARN_EMPTY_BODY = YES;
				CLANG_WARN_ENUM_CONVERSION = YES;
				CLANG_WARN_INFINITE_RECURSION = YES;
				CLANG_WARN_INT_CONVERSION = YES;
				CLANG_WARN_NON_LITERAL_NULL_CONVERSION = YES;
				CLANG_WARN_OBJC_IMPLICIT_RETAIN_SELF = YES;
				CLANG_WARN_OBJC_LITERAL_CONVERSION = YES;
				CLANG_WARN_OBJC_ROOT_CLASS = YES_ERROR;
				CLANG_WARN_QUOTED_INCLUDE_IN_FRAMEWORK_HEADER = YES;
				CLANG_WARN_RANGE_LOOP_ANALYSIS = YES;
				CLANG_WARN_STRICT_PROTOTYPES = YES;
				CLANG_WARN_SUSPICIOUS_MOVE = YES;
				CLANG_WARN_UNGUARDED_AVAILABILITY = YES_AGGRESSIVE;
				CLANG_WARN_UNREACHABLE_CODE = YES;
				CLANG_WARN__DUPLICATE_METHOD_MATCH = YES;
				COPY_PHASE_STRIP = NO;
				DEBUG_INFORMATION_FORMAT = dwarf;
				ENABLE_STRICT_OBJC_MSGSEND = YES;
				ENABLE_TESTABILITY = YES;
				GCC_C_LANGUAGE_STANDARD = gnu11;
				GCC_DYNAMIC_NO_PIC = NO;
				GCC_NO_COMMON_BLOCKS = YES;
				GCC_OPTIMIZATION_LEVEL = 0;
				GCC_PREPROCESSOR_DEFINITIONS = (
					"DEBUG=1",
					"$(inherited)",
				);
				GCC_WARN_64_TO_32_BIT_CONVERSION = YES;
				GCC_WARN_ABOUT_RETURN_TYPE = YES_ERROR;
				GCC_WARN_UNDECLARED_SELECTOR = YES;
				GCC_WARN_UNINITIALIZED_AUTOS = YES_AGGRESSIVE;
				GCC_WARN_UNUSED_FUNCTION = YES;
				GCC_WARN_UNUSED_VARIABLE = YES;
				IPHONEOS_DEPLOYMENT_TARGET = 14.0;
				MTL_ENABLE_DEBUG_INFO = INCLUDE_SOURCE;
				MTL_FAST_MATH = YES;
				ONLY_ACTIVE_ARCH = YES;
				SDKROOT = iphoneos;
				SWIFT_ACTIVE_COMPILATION_CONDITIONS = DEBUG;
				SWIFT_OPTIMIZATION_LEVEL = "-Onone";
			};
			name = Debug;
		};
		3BA319D928A4580F009F1C58 /* Release */ = {
			isa = XCBuildConfiguration;
			buildSettings = {
				ALWAYS_SEARCH_USER_PATHS = NO;
				CLANG_ANALYZER_NONNULL = YES;
				CLANG_ANALYZER_NUMBER_OBJECT_CONVERSION = YES_AGGRESSIVE;
				CLANG_CXX_LANGUAGE_STANDARD = "gnu++17";
				CLANG_ENABLE_MODULES = YES;
				CLANG_ENABLE_OBJC_ARC = YES;
				CLANG_ENABLE_OBJC_WEAK = YES;
				CLANG_WARN_BLOCK_CAPTURE_AUTORELEASING = YES;
				CLANG_WARN_BOOL_CONVERSION = YES;
				CLANG_WARN_COMMA = YES;
				CLANG_WARN_CONSTANT_CONVERSION = YES;
				CLANG_WARN_DEPRECATED_OBJC_IMPLEMENTATIONS = YES;
				CLANG_WARN_DIRECT_OBJC_ISA_USAGE = YES_ERROR;
				CLANG_WARN_DOCUMENTATION_COMMENTS = YES;
				CLANG_WARN_EMPTY_BODY = YES;
				CLANG_WARN_ENUM_CONVERSION = YES;
				CLANG_WARN_INFINITE_RECURSION = YES;
				CLANG_WARN_INT_CONVERSION = YES;
				CLANG_WARN_NON_LITERAL_NULL_CONVERSION = YES;
				CLANG_WARN_OBJC_IMPLICIT_RETAIN_SELF = YES;
				CLANG_WARN_OBJC_LITERAL_CONVERSION = YES;
				CLANG_WARN_OBJC_ROOT_CLASS = YES_ERROR;
				CLANG_WARN_QUOTED_INCLUDE_IN_FRAMEWORK_HEADER = YES;
				CLANG_WARN_RANGE_LOOP_ANALYSIS = YES;
				CLANG_WARN_STRICT_PROTOTYPES = YES;
				CLANG_WARN_SUSPICIOUS_MOVE = YES;
				CLANG_WARN_UNGUARDED_AVAILABILITY = YES_AGGRESSIVE;
				CLANG_WARN_UNREACHABLE_CODE = YES;
				CLANG_WARN__DUPLICATE_METHOD_MATCH = YES;
				COPY_PHASE_STRIP = NO;
				DEBUG_INFORMATION_FORMAT = "dwarf-with-dsym";
				ENABLE_NS_ASSERTIONS = NO;
				ENABLE_STRICT_OBJC_MSGSEND = YES;
				GCC_C_LANGUAGE_STANDARD = gnu11;
				GCC_NO_COMMON_BLOCKS = YES;
				GCC_WARN_64_TO_32_BIT_CONVERSION = YES;
				GCC_WARN_ABOUT_RETURN_TYPE = YES_ERROR;
				GCC_WARN_UNDECLARED_SELECTOR = YES;
				GCC_WARN_UNINITIALIZED_AUTOS = YES_AGGRESSIVE;
				GCC_WARN_UNUSED_FUNCTION = YES;
				GCC_WARN_UNUSED_VARIABLE = YES;
				IPHONEOS_DEPLOYMENT_TARGET = 14.0;
				MTL_ENABLE_DEBUG_INFO = NO;
				MTL_FAST_MATH = YES;
				SDKROOT = iphoneos;
				SWIFT_COMPILATION_MODE = wholemodule;
				SWIFT_OPTIMIZATION_LEVEL = "-O";
				VALIDATE_PRODUCT = YES;
			};
			name = Release;
		};
		3BA319DB28A4580F009F1C58 /* Debug */ = {
			isa = XCBuildConfiguration;
			buildSettings = {
				ASSETCATALOG_COMPILER_APPICON_NAME = AppIcon;
				ASSETCATALOG_COMPILER_GLOBAL_ACCENT_COLOR_NAME = AccentColor;
				ASSETCATALOG_COMPILER_INCLUDE_ALL_APPICON_ASSETS = NO;
				CODE_SIGN_STYLE = Automatic;
				CURRENT_PROJECT_VERSION = 1;
				DEVELOPMENT_ASSET_PATHS = "\"MovieUI/Preview Content\"";
				DEVELOPMENT_TEAM = TNSM43P2F3;
				ENABLE_PREVIEWS = YES;
				GENERATE_INFOPLIST_FILE = YES;
				INFOPLIST_FILE = MovieUI/Info.plist;
				INFOPLIST_KEY_UIApplicationSceneManifest_Generation = YES;
				INFOPLIST_KEY_UIApplicationSupportsIndirectInputEvents = YES;
				INFOPLIST_KEY_UILaunchStoryboardName = "Launch Screen.storyboard";
				INFOPLIST_KEY_UISupportedInterfaceOrientations_iPad = "UIInterfaceOrientationPortrait UIInterfaceOrientationPortraitUpsideDown UIInterfaceOrientationLandscapeLeft UIInterfaceOrientationLandscapeRight";
				INFOPLIST_KEY_UISupportedInterfaceOrientations_iPhone = "UIInterfaceOrientationPortrait UIInterfaceOrientationLandscapeLeft UIInterfaceOrientationLandscapeRight";
				LD_RUNPATH_SEARCH_PATHS = (
					"$(inherited)",
					"@executable_path/Frameworks",
				);
				MARKETING_VERSION = 1.0;
				PRODUCT_BUNDLE_IDENTIFIER = com.javiercueto.MovieUI;
				PRODUCT_NAME = "$(TARGET_NAME)";
				SUPPORTED_PLATFORMS = "iphoneos iphonesimulator";
				SUPPORTS_MACCATALYST = NO;
				SUPPORTS_MAC_DESIGNED_FOR_IPHONE_IPAD = NO;
				SWIFT_EMIT_LOC_STRINGS = YES;
				SWIFT_VERSION = 5.0;
				TARGETED_DEVICE_FAMILY = 1;
			};
			name = Debug;
		};
		3BA319DC28A4580F009F1C58 /* Release */ = {
			isa = XCBuildConfiguration;
			buildSettings = {
				ASSETCATALOG_COMPILER_APPICON_NAME = AppIcon;
				ASSETCATALOG_COMPILER_GLOBAL_ACCENT_COLOR_NAME = AccentColor;
				ASSETCATALOG_COMPILER_INCLUDE_ALL_APPICON_ASSETS = NO;
				CODE_SIGN_STYLE = Automatic;
				CURRENT_PROJECT_VERSION = 1;
				DEVELOPMENT_ASSET_PATHS = "\"MovieUI/Preview Content\"";
				DEVELOPMENT_TEAM = TNSM43P2F3;
				ENABLE_PREVIEWS = YES;
				GENERATE_INFOPLIST_FILE = YES;
				INFOPLIST_FILE = MovieUI/Info.plist;
				INFOPLIST_KEY_UIApplicationSceneManifest_Generation = YES;
				INFOPLIST_KEY_UIApplicationSupportsIndirectInputEvents = YES;
				INFOPLIST_KEY_UILaunchStoryboardName = "Launch Screen.storyboard";
				INFOPLIST_KEY_UISupportedInterfaceOrientations_iPad = "UIInterfaceOrientationPortrait UIInterfaceOrientationPortraitUpsideDown UIInterfaceOrientationLandscapeLeft UIInterfaceOrientationLandscapeRight";
				INFOPLIST_KEY_UISupportedInterfaceOrientations_iPhone = "UIInterfaceOrientationPortrait UIInterfaceOrientationLandscapeLeft UIInterfaceOrientationLandscapeRight";
				LD_RUNPATH_SEARCH_PATHS = (
					"$(inherited)",
					"@executable_path/Frameworks",
				);
				MARKETING_VERSION = 1.0;
				PRODUCT_BUNDLE_IDENTIFIER = com.javiercueto.MovieUI;
				PRODUCT_NAME = "$(TARGET_NAME)";
				SUPPORTED_PLATFORMS = "iphoneos iphonesimulator";
				SUPPORTS_MACCATALYST = NO;
				SUPPORTS_MAC_DESIGNED_FOR_IPHONE_IPAD = NO;
				SWIFT_EMIT_LOC_STRINGS = YES;
				SWIFT_VERSION = 5.0;
				TARGETED_DEVICE_FAMILY = 1;
			};
			name = Release;
		};
		3BA319DE28A4580F009F1C58 /* Debug */ = {
			isa = XCBuildConfiguration;
			buildSettings = {
				ALWAYS_EMBED_SWIFT_STANDARD_LIBRARIES = YES;
				BUNDLE_LOADER = "$(TEST_HOST)";
				CODE_SIGN_STYLE = Automatic;
				CURRENT_PROJECT_VERSION = 1;
				DEVELOPMENT_TEAM = TNSM43P2F3;
				GENERATE_INFOPLIST_FILE = YES;
				IPHONEOS_DEPLOYMENT_TARGET = 15.4;
				MARKETING_VERSION = 1.0;
				PRODUCT_BUNDLE_IDENTIFIER = com.javiercueto.MovieUITests;
				PRODUCT_NAME = "$(TARGET_NAME)";
				SWIFT_EMIT_LOC_STRINGS = NO;
				SWIFT_VERSION = 5.0;
				TARGETED_DEVICE_FAMILY = "1,2";
				TEST_HOST = "$(BUILT_PRODUCTS_DIR)/MovieUI.app/MovieUI";
			};
			name = Debug;
		};
		3BA319DF28A4580F009F1C58 /* Release */ = {
			isa = XCBuildConfiguration;
			buildSettings = {
				ALWAYS_EMBED_SWIFT_STANDARD_LIBRARIES = YES;
				BUNDLE_LOADER = "$(TEST_HOST)";
				CODE_SIGN_STYLE = Automatic;
				CURRENT_PROJECT_VERSION = 1;
				DEVELOPMENT_TEAM = TNSM43P2F3;
				GENERATE_INFOPLIST_FILE = YES;
				IPHONEOS_DEPLOYMENT_TARGET = 15.4;
				MARKETING_VERSION = 1.0;
				PRODUCT_BUNDLE_IDENTIFIER = com.javiercueto.MovieUITests;
				PRODUCT_NAME = "$(TARGET_NAME)";
				SWIFT_EMIT_LOC_STRINGS = NO;
				SWIFT_VERSION = 5.0;
				TARGETED_DEVICE_FAMILY = "1,2";
				TEST_HOST = "$(BUILT_PRODUCTS_DIR)/MovieUI.app/MovieUI";
			};
			name = Release;
		};
/* End XCBuildConfiguration section */

/* Begin XCConfigurationList section */
		3BA319AC28A45808009F1C58 /* Build configuration list for PBXProject "MovieUI" */ = {
			isa = XCConfigurationList;
			buildConfigurations = (
				3BA319D828A4580F009F1C58 /* Debug */,
				3BA319D928A4580F009F1C58 /* Release */,
			);
			defaultConfigurationIsVisible = 0;
			defaultConfigurationName = Release;
		};
		3BA319DA28A4580F009F1C58 /* Build configuration list for PBXNativeTarget "MovieUI" */ = {
			isa = XCConfigurationList;
			buildConfigurations = (
				3BA319DB28A4580F009F1C58 /* Debug */,
				3BA319DC28A4580F009F1C58 /* Release */,
			);
			defaultConfigurationIsVisible = 0;
			defaultConfigurationName = Release;
		};
		3BA319DD28A4580F009F1C58 /* Build configuration list for PBXNativeTarget "MovieUITests" */ = {
			isa = XCConfigurationList;
			buildConfigurations = (
				3BA319DE28A4580F009F1C58 /* Debug */,
				3BA319DF28A4580F009F1C58 /* Release */,
			);
			defaultConfigurationIsVisible = 0;
			defaultConfigurationName = Release;
		};
/* End XCConfigurationList section */

/* Begin XCVersionGroup section */
		3BA319BF28A4580E009F1C58 /* MovieUI.xcdatamodeld */ = {
			isa = XCVersionGroup;
			children = (
				3BA319C028A4580E009F1C58 /* MovieUI.xcdatamodel */,
			);
			currentVersion = 3BA319C028A4580E009F1C58 /* MovieUI.xcdatamodel */;
			path = MovieUI.xcdatamodeld;
			sourceTree = "<group>";
			versionGroupType = wrapper.xcdatamodel;
		};
/* End XCVersionGroup section */
	};
	rootObject = 3BA319A928A45808009F1C58 /* Project object */;
}
